
Microsoft Visual Studio Solution File, Format Version 12.00
# Visual Studio Version 17
VisualStudioVersion = 17.12.35514.174 d17.12
MinimumVisualStudioVersion = 10.0.40219.1
Project("{FAE04EC0-301F-11D3-BF4B-00C04F79EFBC}") = "Ejercicio1", "Ejercicio1\Ejercicio1.csproj", "{CD6180C5-0C2C-4AA2-BF8D-F98415DFC81B}"
EndProject
Global
	GlobalSection(SolutionConfigurationPlatforms) = preSolution
		Debug|Any CPU = Debug|Any CPU
		Release|Any CPU = Release|Any CPU
	EndGlobalSection
	GlobalSection(ProjectConfigurationPlatforms) = postSolution
		{CD6180C5-0C2C-4AA2-BF8D-F98415DFC81B}.Debug|Any CPU.ActiveCfg = Debug|Any CPU
		{CD6180C5-0C2C-4AA2-BF8D-F98415DFC81B}.Debug|Any CPU.Build.0 = Debug|Any CPU
		{CD6180C5-0C2C-4AA2-BF8D-F98415DFC81B}.Release|Any CPU.ActiveCfg = Release|Any CPU
		{CD6180C5-0C2C-4AA2-BF8D-F98415DFC81B}.Release|Any CPU.Build.0 = Release|Any CPU
	EndGlobalSection
	GlobalSection(SolutionProperties) = preSolution
		HideSolutionNode = FALSE
	EndGlobalSection
EndGlobal
